
Microsoft Visual Studio Solution File, Format Version 12.00
# Visual Studio Version 16
VisualStudioVersion = 16.0.30907.101
MinimumVisualStudioVersion = 10.0.40219.1
Project("{FAE04EC0-301F-11D3-BF4B-00C04F79EFBC}") = "Assignment 317", "Assignment 317.csproj", "{53204339-2AFC-436B-8249-7EFCD1B3FCBC}"
EndProject
Global
	GlobalSection(SolutionConfigurationPlatforms) = preSolution
		Debug|Any CPU = Debug|Any CPU
		Release|Any CPU = Release|Any CPU
	EndGlobalSection
	GlobalSection(ProjectConfigurationPlatforms) = postSolution
		{53204339-2AFC-436B-8249-7EFCD1B3FCBC}.Debug|Any CPU.ActiveCfg = Debug|Any CPU
		{53204339-2AFC-436B-8249-7EFCD1B3FCBC}.Debug|Any CPU.Build.0 = Debug|Any CPU
		{53204339-2AFC-436B-8249-7EFCD1B3FCBC}.Release|Any CPU.ActiveCfg = Release|Any CPU
		{53204339-2AFC-436B-8249-7EFCD1B3FCBC}.Release|Any CPU.Build.0 = Release|Any CPU
	EndGlobalSection
	GlobalSection(SolutionProperties) = preSolution
		HideSolutionNode = FALSE
	EndGlobalSection
	GlobalSection(ExtensibilityGlobals) = postSolution
		SolutionGuid = {C3E54E46-F9DF-405E-AEAA-AAF7368FF578}
	EndGlobalSection
EndGlobal
