
Microsoft Visual Studio Solution File, Format Version 12.00
# Visual Studio Version 16
VisualStudioVersion = 16.0.30907.101
MinimumVisualStudioVersion = 10.0.40219.1
Project("{FAE04EC0-301F-11D3-BF4B-00C04F79EFBC}") = "Assignment 247", "Assignment 247.csproj", "{FC2A673B-F310-4C0D-870F-7322392AF068}"
EndProject
Global
	GlobalSection(SolutionConfigurationPlatforms) = preSolution
		Debug|Any CPU = Debug|Any CPU
		Release|Any CPU = Release|Any CPU
	EndGlobalSection
	GlobalSection(ProjectConfigurationPlatforms) = postSolution
		{FC2A673B-F310-4C0D-870F-7322392AF068}.Debug|Any CPU.ActiveCfg = Debug|Any CPU
		{FC2A673B-F310-4C0D-870F-7322392AF068}.Debug|Any CPU.Build.0 = Debug|Any CPU
		{FC2A673B-F310-4C0D-870F-7322392AF068}.Release|Any CPU.ActiveCfg = Release|Any CPU
		{FC2A673B-F310-4C0D-870F-7322392AF068}.Release|Any CPU.Build.0 = Release|Any CPU
	EndGlobalSection
	GlobalSection(SolutionProperties) = preSolution
		HideSolutionNode = FALSE
	EndGlobalSection
	GlobalSection(ExtensibilityGlobals) = postSolution
		SolutionGuid = {14C1D09A-6DA2-46B3-BC56-DB0621ADC72F}
	EndGlobalSection
EndGlobal
