
Microsoft Visual Studio Solution File, Format Version 12.00
# Visual Studio Version 16
VisualStudioVersion = 16.0.30907.101
MinimumVisualStudioVersion = 10.0.40219.1
Project("{FAE04EC0-301F-11D3-BF4B-00C04F79EFBC}") = "Assignment 272", "Assignment 272.csproj", "{B699B08A-90B0-442C-8738-9741067B1175}"
EndProject
Global
	GlobalSection(SolutionConfigurationPlatforms) = preSolution
		Debug|Any CPU = Debug|Any CPU
		Release|Any CPU = Release|Any CPU
	EndGlobalSection
	GlobalSection(ProjectConfigurationPlatforms) = postSolution
		{B699B08A-90B0-442C-8738-9741067B1175}.Debug|Any CPU.ActiveCfg = Debug|Any CPU
		{B699B08A-90B0-442C-8738-9741067B1175}.Debug|Any CPU.Build.0 = Debug|Any CPU
		{B699B08A-90B0-442C-8738-9741067B1175}.Release|Any CPU.ActiveCfg = Release|Any CPU
		{B699B08A-90B0-442C-8738-9741067B1175}.Release|Any CPU.Build.0 = Release|Any CPU
	EndGlobalSection
	GlobalSection(SolutionProperties) = preSolution
		HideSolutionNode = FALSE
	EndGlobalSection
	GlobalSection(ExtensibilityGlobals) = postSolution
		SolutionGuid = {A9C8BC00-DD0A-4B03-8D0C-A03BAE98DA54}
	EndGlobalSection
EndGlobal
