
Microsoft Visual Studio Solution File, Format Version 12.00
# Visual Studio Version 16
VisualStudioVersion = 16.0.30907.101
MinimumVisualStudioVersion = 10.0.40219.1
Project("{FAE04EC0-301F-11D3-BF4B-00C04F79EFBC}") = "Assignment 158", "Assignment 158.csproj", "{C0586034-2AA6-452E-B6ED-2CEDFCF0FDF8}"
EndProject
Global
	GlobalSection(SolutionConfigurationPlatforms) = preSolution
		Debug|Any CPU = Debug|Any CPU
		Release|Any CPU = Release|Any CPU
	EndGlobalSection
	GlobalSection(ProjectConfigurationPlatforms) = postSolution
		{C0586034-2AA6-452E-B6ED-2CEDFCF0FDF8}.Debug|Any CPU.ActiveCfg = Debug|Any CPU
		{C0586034-2AA6-452E-B6ED-2CEDFCF0FDF8}.Debug|Any CPU.Build.0 = Debug|Any CPU
		{C0586034-2AA6-452E-B6ED-2CEDFCF0FDF8}.Release|Any CPU.ActiveCfg = Release|Any CPU
		{C0586034-2AA6-452E-B6ED-2CEDFCF0FDF8}.Release|Any CPU.Build.0 = Release|Any CPU
	EndGlobalSection
	GlobalSection(SolutionProperties) = preSolution
		HideSolutionNode = FALSE
	EndGlobalSection
	GlobalSection(ExtensibilityGlobals) = postSolution
		SolutionGuid = {04D2E42F-68FC-461C-BEDD-6078674D0573}
	EndGlobalSection
EndGlobal
