
Microsoft Visual Studio Solution File, Format Version 12.00
# Visual Studio Version 16
VisualStudioVersion = 16.0.30907.101
MinimumVisualStudioVersion = 10.0.40219.1
Project("{FAE04EC0-301F-11D3-BF4B-00C04F79EFBC}") = "Assignment 236", "Assignment 236.csproj", "{2BF73B8F-4D31-48B4-B16E-4B4BE3D66AF0}"
EndProject
Global
	GlobalSection(SolutionConfigurationPlatforms) = preSolution
		Debug|Any CPU = Debug|Any CPU
		Release|Any CPU = Release|Any CPU
	EndGlobalSection
	GlobalSection(ProjectConfigurationPlatforms) = postSolution
		{2BF73B8F-4D31-48B4-B16E-4B4BE3D66AF0}.Debug|Any CPU.ActiveCfg = Debug|Any CPU
		{2BF73B8F-4D31-48B4-B16E-4B4BE3D66AF0}.Debug|Any CPU.Build.0 = Debug|Any CPU
		{2BF73B8F-4D31-48B4-B16E-4B4BE3D66AF0}.Release|Any CPU.ActiveCfg = Release|Any CPU
		{2BF73B8F-4D31-48B4-B16E-4B4BE3D66AF0}.Release|Any CPU.Build.0 = Release|Any CPU
	EndGlobalSection
	GlobalSection(SolutionProperties) = preSolution
		HideSolutionNode = FALSE
	EndGlobalSection
	GlobalSection(ExtensibilityGlobals) = postSolution
		SolutionGuid = {FA216BBB-18B8-4D04-B133-FACFA8F8198B}
	EndGlobalSection
EndGlobal
