
Microsoft Visual Studio Solution File, Format Version 12.00
# Visual Studio Version 16
VisualStudioVersion = 16.0.30907.101
MinimumVisualStudioVersion = 10.0.40219.1
Project("{FAE04EC0-301F-11D3-BF4B-00C04F79EFBC}") = "Assignment 267", "Assignment 267.csproj", "{BA7C9DFA-930F-4DB9-8989-EF21E9ADE284}"
EndProject
Global
	GlobalSection(SolutionConfigurationPlatforms) = preSolution
		Debug|Any CPU = Debug|Any CPU
		Release|Any CPU = Release|Any CPU
	EndGlobalSection
	GlobalSection(ProjectConfigurationPlatforms) = postSolution
		{BA7C9DFA-930F-4DB9-8989-EF21E9ADE284}.Debug|Any CPU.ActiveCfg = Debug|Any CPU
		{BA7C9DFA-930F-4DB9-8989-EF21E9ADE284}.Debug|Any CPU.Build.0 = Debug|Any CPU
		{BA7C9DFA-930F-4DB9-8989-EF21E9ADE284}.Release|Any CPU.ActiveCfg = Release|Any CPU
		{BA7C9DFA-930F-4DB9-8989-EF21E9ADE284}.Release|Any CPU.Build.0 = Release|Any CPU
	EndGlobalSection
	GlobalSection(SolutionProperties) = preSolution
		HideSolutionNode = FALSE
	EndGlobalSection
	GlobalSection(ExtensibilityGlobals) = postSolution
		SolutionGuid = {5BCE8F16-B5EE-4A78-BE13-4B00510AA6BA}
	EndGlobalSection
EndGlobal
